
Microsoft Visual Studio Solution File, Format Version 12.00
# Visual Studio 15
VisualStudioVersion = 15.0.28307.136
MinimumVisualStudioVersion = 10.0.40219.1
Project("{FAE04EC0-301F-11D3-BF4B-00C04F79EFBC}") = "CheckSumCalculator", "CheckSumCalculator\CheckSumCalculator.csproj", "{0971305A-885E-4D67-97A8-497E0309F913}"
EndProject
Project("{FAE04EC0-301F-11D3-BF4B-00C04F79EFBC}") = "CheckSumCalculatorTests", "CheckSumCalculatorTests\CheckSumCalculatorTests.csproj", "{5DE8E8A2-8507-4C4E-8D6B-1EB66C37393E}"
EndProject
Global
	GlobalSection(SolutionConfigurationPlatforms) = preSolution
		Debug|Any CPU = Debug|Any CPU
		Release|Any CPU = Release|Any CPU
	EndGlobalSection
	GlobalSection(ProjectConfigurationPlatforms) = postSolution
		{0971305A-885E-4D67-97A8-497E0309F913}.Debug|Any CPU.ActiveCfg = Debug|Any CPU
		{0971305A-885E-4D67-97A8-497E0309F913}.Debug|Any CPU.Build.0 = Debug|Any CPU
		{0971305A-885E-4D67-97A8-497E0309F913}.Release|Any CPU.ActiveCfg = Release|Any CPU
		{0971305A-885E-4D67-97A8-497E0309F913}.Release|Any CPU.Build.0 = Release|Any CPU
		{5DE8E8A2-8507-4C4E-8D6B-1EB66C37393E}.Debug|Any CPU.ActiveCfg = Debug|Any CPU
		{5DE8E8A2-8507-4C4E-8D6B-1EB66C37393E}.Debug|Any CPU.Build.0 = Debug|Any CPU
		{5DE8E8A2-8507-4C4E-8D6B-1EB66C37393E}.Release|Any CPU.ActiveCfg = Release|Any CPU
		{5DE8E8A2-8507-4C4E-8D6B-1EB66C37393E}.Release|Any CPU.Build.0 = Release|Any CPU
	EndGlobalSection
	GlobalSection(SolutionProperties) = preSolution
		HideSolutionNode = FALSE
	EndGlobalSection
	GlobalSection(ExtensibilityGlobals) = postSolution
		SolutionGuid = {A6FFBA1A-3582-40B5-910F-43B24F941B21}
	EndGlobalSection
EndGlobal
